
Microsoft Visual Studio Solution File, Format Version 12.00
# Visual Studio 15
VisualStudioVersion = 15.0.28307.271
MinimumVisualStudioVersion = 10.0.40219.1
Project("{FAE04EC0-301F-11D3-BF4B-00C04F79EFBC}") = "testimper-netfx", "testimper-netfx\testimper-netfx.csproj", "{1DC05C42-BF43-4B52-9DBA-5C03C3486CD1}"
EndProject
Project("{9A19103F-16F7-4668-BE54-9A1E7A4F7556}") = "testimper-corefx", "testimper-corefx\testimper-corefx.csproj", "{C260160F-99F5-4046-A7F3-B8536A68F9E0}"
EndProject
Global
	GlobalSection(SolutionConfigurationPlatforms) = preSolution
		Debug|Any CPU = Debug|Any CPU
		Release|Any CPU = Release|Any CPU
	EndGlobalSection
	GlobalSection(ProjectConfigurationPlatforms) = postSolution
		{1DC05C42-BF43-4B52-9DBA-5C03C3486CD1}.Debug|Any CPU.ActiveCfg = Debug|Any CPU
		{1DC05C42-BF43-4B52-9DBA-5C03C3486CD1}.Debug|Any CPU.Build.0 = Debug|Any CPU
		{1DC05C42-BF43-4B52-9DBA-5C03C3486CD1}.Release|Any CPU.ActiveCfg = Release|Any CPU
		{1DC05C42-BF43-4B52-9DBA-5C03C3486CD1}.Release|Any CPU.Build.0 = Release|Any CPU
		{C260160F-99F5-4046-A7F3-B8536A68F9E0}.Debug|Any CPU.ActiveCfg = Debug|Any CPU
		{C260160F-99F5-4046-A7F3-B8536A68F9E0}.Debug|Any CPU.Build.0 = Debug|Any CPU
		{C260160F-99F5-4046-A7F3-B8536A68F9E0}.Release|Any CPU.ActiveCfg = Release|Any CPU
		{C260160F-99F5-4046-A7F3-B8536A68F9E0}.Release|Any CPU.Build.0 = Release|Any CPU
	EndGlobalSection
	GlobalSection(SolutionProperties) = preSolution
		HideSolutionNode = FALSE
	EndGlobalSection
	GlobalSection(ExtensibilityGlobals) = postSolution
		SolutionGuid = {F7EFF4D7-6765-430E-8997-D679C4EF0836}
	EndGlobalSection
EndGlobal
